// !$*UTF8*$!
{
	archiveVersion = 1;
	classes = {
	};
	objectVersion = 77;
	objects = {

/* Begin PBXBuildFile section */
		63095F262F22505200395EE7 /* SplashScreenView.swift in Sources */ = {isa = PBXBuildFile; fileRef = 63095F252F22505200395EE7 /* SplashScreenView.swift */; };
		63095F282F22517100395EE7 /* ContentView.swift in Sources */ = {isa = PBXBuildFile; fileRef = 63095F272F22517100395EE7 /* ContentView.swift */; };
		63095F2C2F22592C00395EE7 /* DashboardBankView.swift in Sources */ = {isa = PBXBuildFile; fileRef = 63095F2B2F22592C00395EE7 /* DashboardBankView.swift */; };
		63095F2E2F225D9900395EE7 /* NumberFormatterExtension.swift in Sources */ = {isa = PBXBuildFile; fileRef = 63095F2D2F225D8F00395EE7 /* NumberFormatterExtension.swift */; };
		63095F312F2260CC00395EE7 /* CountingTextView.swift in Sources */ = {isa = PBXBuildFile; fileRef = 63095F302F2260C600395EE7 /* CountingTextView.swift */; };
		6315EC9F2F1FDD9E00DC595D /* Assets.xcassets in Resources */ = {isa = PBXBuildFile; fileRef = 6315EC9B2F1FDD9E00DC595D /* Assets.xcassets */; };
		6315ECA02F1FDD9E00DC595D /* AssistantMPApp.swift in Sources */ = {isa = PBXBuildFile; fileRef = 6315EC9C2F1FDD9E00DC595D /* AssistantMPApp.swift */; };
		6315ECA12F1FDD9E00DC595D /* DashboardView.swift in Sources */ = {isa = PBXBuildFile; fileRef = 6315EC9D2F1FDD9E00DC595D /* DashboardView.swift */; };
		6315ECAB2F1FE0D000DC595D /* ColorExtension.swift in Sources */ = {isa = PBXBuildFile; fileRef = 6315ECAA2F1FE0CC00DC595D /* ColorExtension.swift */; };
		6315ECAD2F1FE15C00DC595D /* ImageExtension.swift in Sources */ = {isa = PBXBuildFile; fileRef = 6315ECAC2F1FE15300DC595D /* ImageExtension.swift */; };
		6315ECB02F1FE18500DC595D /* Labels.swift in Sources */ = {isa = PBXBuildFile; fileRef = 6315ECAF2F1FE18400DC595D /* Labels.swift */; };
		6315ECB22F1FE1C000DC595D /* ViewExtension.swift in Sources */ = {isa = PBXBuildFile; fileRef = 6315ECB12F1FE1BD00DC595D /* ViewExtension.swift */; };
		635B00F52F21608C00B61D43 /* DashboardViewModel.swift in Sources */ = {isa = PBXBuildFile; fileRef = 635B00F42F21608800B61D43 /* DashboardViewModel.swift */; };
		635B00F72F21655F00B61D43 /* DashboardHouseView.swift in Sources */ = {isa = PBXBuildFile; fileRef = 635B00F62F21655F00B61D43 /* DashboardHouseView.swift */; };
		635B00F92F2171B700B61D43 /* DashboardHouseModel.swift in Sources */ = {isa = PBXBuildFile; fileRef = 635B00F82F2171AF00B61D43 /* DashboardHouseModel.swift */; };
		63F1BA602F21520800786BCF /* DashboardGroupTile.swift in Sources */ = {isa = PBXBuildFile; fileRef = 63F1BA5F2F21520800786BCF /* DashboardGroupTile.swift */; };
		63F1BA622F21540800786BCF /* DashboardGroupModel.swift in Sources */ = {isa = PBXBuildFile; fileRef = 63F1BA612F2153ED00786BCF /* DashboardGroupModel.swift */; };
/* End PBXBuildFile section */

/* Begin PBXFileReference section */
		63095F252F22505200395EE7 /* SplashScreenView.swift */ = {isa = PBXFileReference; lastKnownFileType = sourcecode.swift; path = SplashScreenView.swift; sourceTree = "<group>"; };
		63095F272F22517100395EE7 /* ContentView.swift */ = {isa = PBXFileReference; lastKnownFileType = sourcecode.swift; path = ContentView.swift; sourceTree = "<group>"; };
		63095F2B2F22592C00395EE7 /* DashboardBankView.swift */ = {isa = PBXFileReference; lastKnownFileType = sourcecode.swift; path = DashboardBankView.swift; sourceTree = "<group>"; };
		63095F2D2F225D8F00395EE7 /* NumberFormatterExtension.swift */ = {isa = PBXFileReference; lastKnownFileType = sourcecode.swift; path = NumberFormatterExtension.swift; sourceTree = "<group>"; };
		63095F302F2260C600395EE7 /* CountingTextView.swift */ = {isa = PBXFileReference; lastKnownFileType = sourcecode.swift; path = CountingTextView.swift; sourceTree = "<group>"; };
		6315EC8D2F1FDD9100DC595D /* AssistantMP.app */ = {isa = PBXFileReference; explicitFileType = wrapper.application; includeInIndex = 0; path = AssistantMP.app; sourceTree = BUILT_PRODUCTS_DIR; };
		6315EC9B2F1FDD9E00DC595D /* Assets.xcassets */ = {isa = PBXFileReference; lastKnownFileType = folder.assetcatalog; path = Assets.xcassets; sourceTree = "<group>"; };
		6315EC9C2F1FDD9E00DC595D /* AssistantMPApp.swift */ = {isa = PBXFileReference; lastKnownFileType = sourcecode.swift; path = AssistantMPApp.swift; sourceTree = "<group>"; };
		6315EC9D2F1FDD9E00DC595D /* DashboardView.swift */ = {isa = PBXFileReference; lastKnownFileType = sourcecode.swift; path = DashboardView.swift; sourceTree = "<group>"; };
		6315ECAA2F1FE0CC00DC595D /* ColorExtension.swift */ = {isa = PBXFileReference; lastKnownFileType = sourcecode.swift; path = ColorExtension.swift; sourceTree = "<group>"; };
		6315ECAC2F1FE15300DC595D /* ImageExtension.swift */ = {isa = PBXFileReference; lastKnownFileType = sourcecode.swift; path = ImageExtension.swift; sourceTree = "<group>"; };
		6315ECAF2F1FE18400DC595D /* Labels.swift */ = {isa = PBXFileReference; lastKnownFileType = sourcecode.swift; path = Labels.swift; sourceTree = "<group>"; };
		6315ECB12F1FE1BD00DC595D /* ViewExtension.swift */ = {isa = PBXFileReference; lastKnownFileType = sourcecode.swift; path = ViewExtension.swift; sourceTree = "<group>"; };
		635B00F42F21608800B61D43 /* DashboardViewModel.swift */ = {isa = PBXFileReference; lastKnownFileType = sourcecode.swift; path = DashboardViewModel.swift; sourceTree = "<group>"; };
		635B00F62F21655F00B61D43 /* DashboardHouseView.swift */ = {isa = PBXFileReference; lastKnownFileType = sourcecode.swift; path = DashboardHouseView.swift; sourceTree = "<group>"; };
		635B00F82F2171AF00B61D43 /* DashboardHouseModel.swift */ = {isa = PBXFileReference; lastKnownFileType = sourcecode.swift; path = DashboardHouseModel.swift; sourceTree = "<group>"; };
		635B00FA2F21874300B61D43 /* Info.plist */ = {isa = PBXFileReference; lastKnownFileType = text.plist.xml; path = Info.plist; sourceTree = "<group>"; };
		63F1BA5F2F21520800786BCF /* DashboardGroupTile.swift */ = {isa = PBXFileReference; lastKnownFileType = sourcecode.swift; path = DashboardGroupTile.swift; sourceTree = "<group>"; };
		63F1BA612F2153ED00786BCF /* DashboardGroupModel.swift */ = {isa = PBXFileReference; lastKnownFileType = sourcecode.swift; path = DashboardGroupModel.swift; sourceTree = "<group>"; };
/* End PBXFileReference section */

/* Begin PBXFrameworksBuildPhase section */
		6315EC8A2F1FDD9100DC595D /* Frameworks */ = {
			isa = PBXFrameworksBuildPhase;
			buildActionMask = 2147483647;
			files = (
			);
			runOnlyForDeploymentPostprocessing = 0;
		};
/* End PBXFrameworksBuildPhase section */

/* Begin PBXGroup section */
		63095F222F22503800395EE7 /* OpeningModule */ = {
			isa = PBXGroup;
			children = (
				63095F252F22505200395EE7 /* SplashScreenView.swift */,
			);
			path = OpeningModule;
			sourceTree = "<group>";
		};
		63095F2F2F22609600395EE7 /* CommonElements */ = {
			isa = PBXGroup;
			children = (
				63095F302F2260C600395EE7 /* CountingTextView.swift */,
			);
			path = CommonElements;
			sourceTree = "<group>";
		};
		6315EC842F1FDD9100DC595D = {
			isa = PBXGroup;
			children = (
				6315EC9E2F1FDD9E00DC595D /* AssistantMP */,
				6315EC8E2F1FDD9100DC595D /* Products */,
			);
			sourceTree = "<group>";
		};
		6315EC8E2F1FDD9100DC595D /* Products */ = {
			isa = PBXGroup;
			children = (
				6315EC8D2F1FDD9100DC595D /* AssistantMP.app */,
			);
			name = Products;
			sourceTree = "<group>";
		};
		6315EC9E2F1FDD9E00DC595D /* AssistantMP */ = {
			isa = PBXGroup;
			children = (
				6315ECA52F1FDE7100DC595D /* Application */,
				6315ECA62F1FDE8200DC595D /* Modules */,
				63095F2F2F22609600395EE7 /* CommonElements */,
				6315ECA92F1FE0BF00DC595D /* Extensions */,
				6315ECA42F1FDE5800DC595D /* SupportFilles */,
				635B00FA2F21874300B61D43 /* Info.plist */,
			);
			path = AssistantMP;
			sourceTree = "<group>";
		};
		6315ECA42F1FDE5800DC595D /* SupportFilles */ = {
			isa = PBXGroup;
			children = (
				6315EC9B2F1FDD9E00DC595D /* Assets.xcassets */,
			);
			path = SupportFilles;
			sourceTree = "<group>";
		};
		6315ECA52F1FDE7100DC595D /* Application */ = {
			isa = PBXGroup;
			children = (
				6315EC9C2F1FDD9E00DC595D /* AssistantMPApp.swift */,
				63095F272F22517100395EE7 /* ContentView.swift */,
			);
			path = Application;
			sourceTree = "<group>";
		};
		6315ECA62F1FDE8200DC595D /* Modules */ = {
			isa = PBXGroup;
			children = (
				63095F222F22503800395EE7 /* OpeningModule */,
				6315ECA72F1FDE9000DC595D /* DashboardModule */,
			);
			path = Modules;
			sourceTree = "<group>";
		};
		6315ECA72F1FDE9000DC595D /* DashboardModule */ = {
			isa = PBXGroup;
			children = (
				63F1BA542F1FE6BB00786BCF /* Model */,
				6315ECA82F1FDEB600DC595D /* View */,
				63F1BA552F1FE6C200786BCF /* ViewModel */,
			);
			path = DashboardModule;
			sourceTree = "<group>";
		};
		6315ECA82F1FDEB600DC595D /* View */ = {
			isa = PBXGroup;
			children = (
				6315EC9D2F1FDD9E00DC595D /* DashboardView.swift */,
				63F1BA5A2F214A7900786BCF /* SubViews */,
			);
			path = View;
			sourceTree = "<group>";
		};
		6315ECA92F1FE0BF00DC595D /* Extensions */ = {
			isa = PBXGroup;
			children = (
				6315ECAA2F1FE0CC00DC595D /* ColorExtension.swift */,
				6315ECAC2F1FE15300DC595D /* ImageExtension.swift */,
				6315ECAF2F1FE18400DC595D /* Labels.swift */,
				6315ECB12F1FE1BD00DC595D /* ViewExtension.swift */,
				63095F2D2F225D8F00395EE7 /* NumberFormatterExtension.swift */,
			);
			path = Extensions;
			sourceTree = "<group>";
		};
		63F1BA542F1FE6BB00786BCF /* Model */ = {
			isa = PBXGroup;
			children = (
				63F1BA612F2153ED00786BCF /* DashboardGroupModel.swift */,
				635B00F82F2171AF00B61D43 /* DashboardHouseModel.swift */,
			);
			path = Model;
			sourceTree = "<group>";
		};
		63F1BA552F1FE6C200786BCF /* ViewModel */ = {
			isa = PBXGroup;
			children = (
				635B00F42F21608800B61D43 /* DashboardViewModel.swift */,
			);
			path = ViewModel;
			sourceTree = "<group>";
		};
		63F1BA5A2F214A7900786BCF /* SubViews */ = {
			isa = PBXGroup;
			children = (
				63F1BA5F2F21520800786BCF /* DashboardGroupTile.swift */,
				635B00F62F21655F00B61D43 /* DashboardHouseView.swift */,
				63095F2B2F22592C00395EE7 /* DashboardBankView.swift */,
			);
			path = SubViews;
			sourceTree = "<group>";
		};
/* End PBXGroup section */

/* Begin PBXNativeTarget section */
		6315EC8C2F1FDD9100DC595D /* AssistantMP */ = {
			isa = PBXNativeTarget;
			buildConfigurationList = 6315EC982F1FDD9200DC595D /* Build configuration list for PBXNativeTarget "AssistantMP" */;
			buildPhases = (
				6315EC892F1FDD9100DC595D /* Sources */,
				6315EC8A2F1FDD9100DC595D /* Frameworks */,
				6315EC8B2F1FDD9100DC595D /* Resources */,
			);
			buildRules = (
			);
			dependencies = (
			);
			name = AssistantMP;
			packageProductDependencies = (
			);
			productName = AssistantMP;
			productReference = 6315EC8D2F1FDD9100DC595D /* AssistantMP.app */;
			productType = "com.apple.product-type.application";
		};
/* End PBXNativeTarget section */

/* Begin PBXProject section */
		6315EC852F1FDD9100DC595D /* Project object */ = {
			isa = PBXProject;
			attributes = {
				BuildIndependentTargetsInParallel = 1;
				LastSwiftUpdateCheck = 2600;
				LastUpgradeCheck = 2600;
				TargetAttributes = {
					6315EC8C2F1FDD9100DC595D = {
						CreatedOnToolsVersion = 26.0.1;
					};
				};
			};
			buildConfigurationList = 6315EC882F1FDD9100DC595D /* Build configuration list for PBXProject "AssistantMP" */;
			developmentRegion = en;
			hasScannedForEncodings = 0;
			knownRegions = (
				en,
				Base,
			);
			mainGroup = 6315EC842F1FDD9100DC595D;
			minimizedProjectReferenceProxies = 1;
			preferredProjectObjectVersion = 77;
			productRefGroup = 6315EC8E2F1FDD9100DC595D /* Products */;
			projectDirPath = "";
			projectRoot = "";
			targets = (
				6315EC8C2F1FDD9100DC595D /* AssistantMP */,
			);
		};
/* End PBXProject section */

/* Begin PBXResourcesBuildPhase section */
		6315EC8B2F1FDD9100DC595D /* Resources */ = {
			isa = PBXResourcesBuildPhase;
			buildActionMask = 2147483647;
			files = (
				6315EC9F2F1FDD9E00DC595D /* Assets.xcassets in Resources */,
			);
			runOnlyForDeploymentPostprocessing = 0;
		};
/* End PBXResourcesBuildPhase section */

/* Begin PBXSourcesBuildPhase section */
		6315EC892F1FDD9100DC595D /* Sources */ = {
			isa = PBXSourcesBuildPhase;
			buildActionMask = 2147483647;
			files = (
				6315ECB22F1FE1C000DC595D /* ViewExtension.swift in Sources */,
				63095F2C2F22592C00395EE7 /* DashboardBankView.swift in Sources */,
				6315ECAB2F1FE0D000DC595D /* ColorExtension.swift in Sources */,
				635B00F72F21655F00B61D43 /* DashboardHouseView.swift in Sources */,
				63F1BA622F21540800786BCF /* DashboardGroupModel.swift in Sources */,
				635B00F92F2171B700B61D43 /* DashboardHouseModel.swift in Sources */,
				635B00F52F21608C00B61D43 /* DashboardViewModel.swift in Sources */,
				6315ECB02F1FE18500DC595D /* Labels.swift in Sources */,
				63095F312F2260CC00395EE7 /* CountingTextView.swift in Sources */,
				6315ECA02F1FDD9E00DC595D /* AssistantMPApp.swift in Sources */,
				63095F2E2F225D9900395EE7 /* NumberFormatterExtension.swift in Sources */,
				6315ECA12F1FDD9E00DC595D /* DashboardView.swift in Sources */,
				6315ECAD2F1FE15C00DC595D /* ImageExtension.swift in Sources */,
				63095F282F22517100395EE7 /* ContentView.swift in Sources */,
				63F1BA602F21520800786BCF /* DashboardGroupTile.swift in Sources */,
				63095F262F22505200395EE7 /* SplashScreenView.swift in Sources */,
			);
			runOnlyForDeploymentPostprocessing = 0;
		};
/* End PBXSourcesBuildPhase section */

/* Begin XCBuildConfiguration section */
		6315EC962F1FDD9200DC595D /* Debug */ = {
			isa = XCBuildConfiguration;
			buildSettings = {
				ALWAYS_SEARCH_USER_PATHS = NO;
				ASSETCATALOG_COMPILER_GENERATE_SWIFT_ASSET_SYMBOL_EXTENSIONS = YES;
				CLANG_ANALYZER_NONNULL = YES;
				CLANG_ANALYZER_NUMBER_OBJECT_CONVERSION = YES_AGGRESSIVE;
				CLANG_CXX_LANGUAGE_STANDARD = "gnu++20";
				CLANG_ENABLE_MODULES = YES;
				CLANG_ENABLE_OBJC_ARC = YES;
				CLANG_ENABLE_OBJC_WEAK = YES;
				CLANG_WARN_BLOCK_CAPTURE_AUTORELEASING = YES;
				CLANG_WARN_BOOL_CONVERSION = YES;
				CLANG_WARN_COMMA = YES;
				CLANG_WARN_CONSTANT_CONVERSION = YES;
				CLANG_WARN_DEPRECATED_OBJC_IMPLEMENTATIONS = YES;
				CLANG_WARN_DIRECT_OBJC_ISA_USAGE = YES_ERROR;
				CLANG_WARN_DOCUMENTATION_COMMENTS = YES;
				CLANG_WARN_EMPTY_BODY = YES;
				CLANG_WARN_ENUM_CONVERSION = YES;
				CLANG_WARN_INFINITE_RECURSION = YES;
				CLANG_WARN_INT_CONVERSION = YES;
				CLANG_WARN_NON_LITERAL_NULL_CONVERSION = YES;
				CLANG_WARN_OBJC_IMPLICIT_RETAIN_SELF = YES;
				CLANG_WARN_OBJC_LITERAL_CONVERSION = YES;
				CLANG_WARN_OBJC_ROOT_CLASS = YES_ERROR;
				CLANG_WARN_QUOTED_INCLUDE_IN_FRAMEWORK_HEADER = YES;
				CLANG_WARN_RANGE_LOOP_ANALYSIS = YES;
				CLANG_WARN_STRICT_PROTOTYPES = YES;
				CLANG_WARN_SUSPICIOUS_MOVE = YES;
				CLANG_WARN_UNGUARDED_AVAILABILITY = YES_AGGRESSIVE;
				CLANG_WARN_UNREACHABLE_CODE = YES;
				CLANG_WARN__DUPLICATE_METHOD_MATCH = YES;
				COPY_PHASE_STRIP = NO;
				DEBUG_INFORMATION_FORMAT = dwarf;
				DEVELOPMENT_TEAM = 24X97P3SFF;
				ENABLE_STRICT_OBJC_MSGSEND = YES;
				ENABLE_TESTABILITY = YES;
				ENABLE_USER_SCRIPT_SANDBOXING = YES;
				GCC_C_LANGUAGE_STANDARD = gnu17;
				GCC_DYNAMIC_NO_PIC = NO;
				GCC_NO_COMMON_BLOCKS = YES;
				GCC_OPTIMIZATION_LEVEL = 0;
				GCC_PREPROCESSOR_DEFINITIONS = (
					"DEBUG=1",
					"$(inherited)",
				);
				GCC_WARN_64_TO_32_BIT_CONVERSION = YES;
				GCC_WARN_ABOUT_RETURN_TYPE = YES_ERROR;
				GCC_WARN_UNDECLARED_SELECTOR = YES;
				GCC_WARN_UNINITIALIZED_AUTOS = YES_AGGRESSIVE;
				GCC_WARN_UNUSED_FUNCTION = YES;
				GCC_WARN_UNUSED_VARIABLE = YES;
				IPHONEOS_DEPLOYMENT_TARGET = 26.0;
				LOCALIZATION_PREFERS_STRING_CATALOGS = YES;
				MTL_ENABLE_DEBUG_INFO = INCLUDE_SOURCE;
				MTL_FAST_MATH = YES;
				ONLY_ACTIVE_ARCH = YES;
				SDKROOT = iphoneos;
				SWIFT_ACTIVE_COMPILATION_CONDITIONS = "DEBUG $(inherited)";
				SWIFT_OPTIMIZATION_LEVEL = "-Onone";
			};
			name = Debug;
		};
		6315EC972F1FDD9200DC595D /* Release */ = {
			isa = XCBuildConfiguration;
			buildSettings = {
				ALWAYS_SEARCH_USER_PATHS = NO;
				ASSETCATALOG_COMPILER_GENERATE_SWIFT_ASSET_SYMBOL_EXTENSIONS = YES;
				CLANG_ANALYZER_NONNULL = YES;
				CLANG_ANALYZER_NUMBER_OBJECT_CONVERSION = YES_AGGRESSIVE;
				CLANG_CXX_LANGUAGE_STANDARD = "gnu++20";
				CLANG_ENABLE_MODULES = YES;
				CLANG_ENABLE_OBJC_ARC = YES;
				CLANG_ENABLE_OBJC_WEAK = YES;
				CLANG_WARN_BLOCK_CAPTURE_AUTORELEASING = YES;
				CLANG_WARN_BOOL_CONVERSION = YES;
				CLANG_WARN_COMMA = YES;
				CLANG_WARN_CONSTANT_CONVERSION = YES;
				CLANG_WARN_DEPRECATED_OBJC_IMPLEMENTATIONS = YES;
				CLANG_WARN_DIRECT_OBJC_ISA_USAGE = YES_ERROR;
				CLANG_WARN_DOCUMENTATION_COMMENTS = YES;
				CLANG_WARN_EMPTY_BODY = YES;
				CLANG_WARN_ENUM_CONVERSION = YES;
				CLANG_WARN_INFINITE_RECURSION = YES;
				CLANG_WARN_INT_CONVERSION = YES;
				CLANG_WARN_NON_LITERAL_NULL_CONVERSION = YES;
				CLANG_WARN_OBJC_IMPLICIT_RETAIN_SELF = YES;
				CLANG_WARN_OBJC_LITERAL_CONVERSION = YES;
				CLANG_WARN_OBJC_ROOT_CLASS = YES_ERROR;
				CLANG_WARN_QUOTED_INCLUDE_IN_FRAMEWORK_HEADER = YES;
				CLANG_WARN_RANGE_LOOP_ANALYSIS = YES;
				CLANG_WARN_STRICT_PROTOTYPES = YES;
				CLANG_WARN_SUSPICIOUS_MOVE = YES;
				CLANG_WARN_UNGUARDED_AVAILABILITY = YES_AGGRESSIVE;
				CLANG_WARN_UNREACHABLE_CODE = YES;
				CLANG_WARN__DUPLICATE_METHOD_MATCH = YES;
				COPY_PHASE_STRIP = NO;
				DEBUG_INFORMATION_FORMAT = "dwarf-with-dsym";
				DEVELOPMENT_TEAM = 24X97P3SFF;
				ENABLE_NS_ASSERTIONS = NO;
				ENABLE_STRICT_OBJC_MSGSEND = YES;
				ENABLE_USER_SCRIPT_SANDBOXING = YES;
				GCC_C_LANGUAGE_STANDARD = gnu17;
				GCC_NO_COMMON_BLOCKS = YES;
				GCC_WARN_64_TO_32_BIT_CONVERSION = YES;
				GCC_WARN_ABOUT_RETURN_TYPE = YES_ERROR;
				GCC_WARN_UNDECLARED_SELECTOR = YES;
				GCC_WARN_UNINITIALIZED_AUTOS = YES_AGGRESSIVE;
				GCC_WARN_UNUSED_FUNCTION = YES;
				GCC_WARN_UNUSED_VARIABLE = YES;
				IPHONEOS_DEPLOYMENT_TARGET = 26.0;
				LOCALIZATION_PREFERS_STRING_CATALOGS = YES;
				MTL_ENABLE_DEBUG_INFO = NO;
				MTL_FAST_MATH = YES;
				SDKROOT = iphoneos;
				SWIFT_COMPILATION_MODE = wholemodule;
				VALIDATE_PRODUCT = YES;
			};
			name = Release;
		};
		6315EC992F1FDD9200DC595D /* Debug */ = {
			isa = XCBuildConfiguration;
			buildSettings = {
				ASSETCATALOG_COMPILER_APPICON_NAME = AppIcon;
				ASSETCATALOG_COMPILER_GLOBAL_ACCENT_COLOR_NAME = AccentColor;
				CODE_SIGN_IDENTITY = "Apple Development";
				CODE_SIGN_STYLE = Automatic;
				CURRENT_PROJECT_VERSION = 1;
				DEVELOPMENT_TEAM = 24X97P3SFF;
				ENABLE_PREVIEWS = YES;
				GENERATE_INFOPLIST_FILE = YES;
				INFOPLIST_FILE = AssistantMP/Info.plist;
				INFOPLIST_KEY_CFBundleDisplayName = Assistant;
				INFOPLIST_KEY_ITSAppUsesNonExemptEncryption = NO;
				INFOPLIST_KEY_LSApplicationCategoryType = "public.app-category.productivity";
				INFOPLIST_KEY_UIApplicationSceneManifest_Generation = YES;
				INFOPLIST_KEY_UIApplicationSupportsIndirectInputEvents = YES;
				INFOPLIST_KEY_UISupportedInterfaceOrientations = UIInterfaceOrientationPortrait;
				INFOPLIST_KEY_UISupportedInterfaceOrientations_iPad = "UIInterfaceOrientationLandscapeRight UIInterfaceOrientationPortrait";
				IPHONEOS_DEPLOYMENT_TARGET = 17.0;
				LD_RUNPATH_SEARCH_PATHS = (
					"$(inherited)",
					"@executable_path/Frameworks",
				);
				MARKETING_VERSION = 0.0.1;
				PRODUCT_BUNDLE_IDENTIFIER = com.pixeltech.AssistantMP;
				PRODUCT_NAME = "$(TARGET_NAME)";
				PROVISIONING_PROFILE_SPECIFIER = "";
				STRING_CATALOG_GENERATE_SYMBOLS = YES;
				SUPPORTED_PLATFORMS = "iphoneos iphonesimulator";
				SUPPORTS_MACCATALYST = NO;
				SUPPORTS_MAC_DESIGNED_FOR_IPHONE_IPAD = NO;
				SUPPORTS_XR_DESIGNED_FOR_IPHONE_IPAD = NO;
				SWIFT_APPROACHABLE_CONCURRENCY = YES;
				SWIFT_DEFAULT_ACTOR_ISOLATION = MainActor;
				SWIFT_EMIT_LOC_STRINGS = YES;
				SWIFT_UPCOMING_FEATURE_MEMBER_IMPORT_VISIBILITY = YES;
				SWIFT_VERSION = 5.0;
				TARGETED_DEVICE_FAMILY = 1;
			};
			name = Debug;
		};
		6315EC9A2F1FDD9200DC595D /* Release */ = {
			isa = XCBuildConfiguration;
			buildSettings = {
				ASSETCATALOG_COMPILER_APPICON_NAME = AppIcon;
				ASSETCATALOG_COMPILER_GLOBAL_ACCENT_COLOR_NAME = AccentColor;
				CODE_SIGN_IDENTITY = "Apple Development";
				CODE_SIGN_STYLE = Automatic;
				CURRENT_PROJECT_VERSION = 1;
				DEVELOPMENT_TEAM = 24X97P3SFF;
				ENABLE_PREVIEWS = YES;
				GENERATE_INFOPLIST_FILE = YES;
				INFOPLIST_FILE = AssistantMP/Info.plist;
				INFOPLIST_KEY_CFBundleDisplayName = Assistant;
				INFOPLIST_KEY_ITSAppUsesNonExemptEncryption = NO;
				INFOPLIST_KEY_LSApplicationCategoryType = "public.app-category.productivity";
				INFOPLIST_KEY_UIApplicationSceneManifest_Generation = YES;
				INFOPLIST_KEY_UIApplicationSupportsIndirectInputEvents = YES;
				INFOPLIST_KEY_UISupportedInterfaceOrientations = UIInterfaceOrientationPortrait;
				INFOPLIST_KEY_UISupportedInterfaceOrientations_iPad = "UIInterfaceOrientationLandscapeRight UIInterfaceOrientationPortrait";
				IPHONEOS_DEPLOYMENT_TARGET = 17.0;
				LD_RUNPATH_SEARCH_PATHS = (
					"$(inherited)",
					"@executable_path/Frameworks",
				);
				MARKETING_VERSION = 0.0.1;
				PRODUCT_BUNDLE_IDENTIFIER = com.pixeltech.AssistantMP;
				PRODUCT_NAME = "$(TARGET_NAME)";
				PROVISIONING_PROFILE_SPECIFIER = "";
				STRING_CATALOG_GENERATE_SYMBOLS = YES;
				SUPPORTED_PLATFORMS = "iphoneos iphonesimulator";
				SUPPORTS_MACCATALYST = NO;
				SUPPORTS_MAC_DESIGNED_FOR_IPHONE_IPAD = NO;
				SUPPORTS_XR_DESIGNED_FOR_IPHONE_IPAD = NO;
				SWIFT_APPROACHABLE_CONCURRENCY = YES;
				SWIFT_DEFAULT_ACTOR_ISOLATION = MainActor;
				SWIFT_EMIT_LOC_STRINGS = YES;
				SWIFT_UPCOMING_FEATURE_MEMBER_IMPORT_VISIBILITY = YES;
				SWIFT_VERSION = 5.0;
				TARGETED_DEVICE_FAMILY = 1;
			};
			name = Release;
		};
/* End XCBuildConfiguration section */

/* Begin XCConfigurationList section */
		6315EC882F1FDD9100DC595D /* Build configuration list for PBXProject "AssistantMP" */ = {
			isa = XCConfigurationList;
			buildConfigurations = (
				6315EC962F1FDD9200DC595D /* Debug */,
				6315EC972F1FDD9200DC595D /* Release */,
			);
			defaultConfigurationIsVisible = 0;
			defaultConfigurationName = Release;
		};
		6315EC982F1FDD9200DC595D /* Build configuration list for PBXNativeTarget "AssistantMP" */ = {
			isa = XCConfigurationList;
			buildConfigurations = (
				6315EC992F1FDD9200DC595D /* Debug */,
				6315EC9A2F1FDD9200DC595D /* Release */,
			);
			defaultConfigurationIsVisible = 0;
			defaultConfigurationName = Release;
		};
/* End XCConfigurationList section */
	};
	rootObject = 6315EC852F1FDD9100DC595D /* Project object */;
}
